// !$*UTF8*$!
{
	archiveVersion = 1;
	classes = {
	};
	objectVersion = 46;
	objects = {

/* Begin PBXBuildFile section */
		EB7928B91A1601D80094E3DB /* icon.png in Resources */ = {isa = PBXBuildFile; fileRef = EB7928B81A1601D80094E3DB /* icon.png */; };
		EBDC14411A15D73F00AE01EC /* main.m in Sources */ = {isa = PBXBuildFile; fileRef = EBDC14401A15D73F00AE01EC /* main.m */; };
		EBDC14441A15D73F00AE01EC /* AppDelegate.m in Sources */ = {isa = PBXBuildFile; fileRef = EBDC14431A15D73F00AE01EC /* AppDelegate.m */; };
		EBDC14471A15D73F00AE01EC /* ViewController.m in Sources */ = {isa = PBXBuildFile; fileRef = EBDC14461A15D73F00AE01EC /* ViewController.m */; };
		EBDC144A1A15D73F00AE01EC /* Main.storyboard in Resources */ = {isa = PBXBuildFile; fileRef = EBDC14481A15D73F00AE01EC /* Main.storyboard */; };
		EBDC144C1A15D73F00AE01EC /* Images.xcassets in Resources */ = {isa = PBXBuildFile; fileRef = EBDC144B1A15D73F00AE01EC /* Images.xcassets */; };
		EBDC144F1A15D73F00AE01EC /* LaunchScreen.xib in Resources */ = {isa = PBXBuildFile; fileRef = EBDC144D1A15D73F00AE01EC /* LaunchScreen.xib */; };
		EBDC145B1A15D73F00AE01EC /* WSY_DocumentTypeTests.m in Sources */ = {isa = PBXBuildFile; fileRef = EBDC145A1A15D73F00AE01EC /* WSY_DocumentTypeTests.m */; };
/* End PBXBuildFile section */

/* Begin PBXContainerItemProxy section */
		EBDC14551A15D73F00AE01EC /* PBXContainerItemProxy */ = {
			isa = PBXContainerItemProxy;
			containerPortal = EBDC14331A15D73F00AE01EC /* Project object */;
			proxyType = 1;
			remoteGlobalIDString = EBDC143A1A15D73F00AE01EC;
			remoteInfo = WSY_DocumentType;
		};
/* End PBXContainerItemProxy section */

/* Begin PBXFileReference section */
		EB7928B81A1601D80094E3DB /* icon.png */ = {isa = PBXFileReference; lastKnownFileType = image.png; path = icon.png; sourceTree = "<group>"; };
		EBDC143B1A15D73F00AE01EC /* WSY_DocumentType.app */ = {isa = PBXFileReference; explicitFileType = wrapper.application; includeInIndex = 0; path = WSY_DocumentType.app; sourceTree = BUILT_PRODUCTS_DIR; };
		EBDC143F1A15D73F00AE01EC /* Info.plist */ = {isa = PBXFileReference; lastKnownFileType = text.plist.xml; path = Info.plist; sourceTree = "<group>"; };
		EBDC14401A15D73F00AE01EC /* main.m */ = {isa = PBXFileReference; lastKnownFileType = sourcecode.c.objc; path = main.m; sourceTree = "<group>"; };
		EBDC14421A15D73F00AE01EC /* AppDelegate.h */ = {isa = PBXFileReference; lastKnownFileType = sourcecode.c.h; path = AppDelegate.h; sourceTree = "<group>"; };
		EBDC14431A15D73F00AE01EC /* AppDelegate.m */ = {isa = PBXFileReference; lastKnownFileType = sourcecode.c.objc; path = AppDelegate.m; sourceTree = "<group>"; };
		EBDC14451A15D73F00AE01EC /* ViewController.h */ = {isa = PBXFileReference; lastKnownFileType = sourcecode.c.h; path = ViewController.h; sourceTree = "<group>"; };
		EBDC14461A15D73F00AE01EC /* ViewController.m */ = {isa = PBXFileReference; lastKnownFileType = sourcecode.c.objc; path = ViewController.m; sourceTree = "<group>"; };
		EBDC14491A15D73F00AE01EC /* Base */ = {isa = PBXFileReference; lastKnownFileType = file.storyboard; name = Base; path = Base.lproj/Main.storyboard; sourceTree = "<group>"; };
		EBDC144B1A15D73F00AE01EC /* Images.xcassets */ = {isa = PBXFileReference; lastKnownFileType = folder.assetcatalog; path = Images.xcassets; sourceTree = "<group>"; };
		EBDC144E1A15D73F00AE01EC /* Base */ = {isa = PBXFileReference; lastKnownFileType = file.xib; name = Base; path = Base.lproj/LaunchScreen.xib; sourceTree = "<group>"; };
		EBDC14541A15D73F00AE01EC /* WSY_DocumentTypeTests.xctest */ = {isa = PBXFileReference; explicitFileType = wrapper.cfbundle; includeInIndex = 0; path = WSY_DocumentTypeTests.xctest; sourceTree = BUILT_PRODUCTS_DIR; };
		EBDC14591A15D73F00AE01EC /* Info.plist */ = {isa = PBXFileReference; lastKnownFileType = text.plist.xml; path = Info.plist; sourceTree = "<group>"; };
		EBDC145A1A15D73F00AE01EC /* WSY_DocumentTypeTests.m */ = {isa = PBXFileReference; lastKnownFileType = sourcecode.c.objc; path = WSY_DocumentTypeTests.m; sourceTree = "<group>"; };
/* End PBXFileReference section */

/* Begin PBXFrameworksBuildPhase section */
		EBDC14381A15D73F00AE01EC /* Frameworks */ = {
			isa = PBXFrameworksBuildPhase;
			buildActionMask = 2147483647;
			files = (
			);
			runOnlyForDeploymentPostprocessing = 0;
		};
		EBDC14511A15D73F00AE01EC /* Frameworks */ = {
			isa = PBXFrameworksBuildPhase;
			buildActionMask = 2147483647;
			files = (
			);
			runOnlyForDeploymentPostprocessing = 0;
		};
/* End PBXFrameworksBuildPhase section */

/* Begin PBXGroup section */
		EBDC14321A15D73F00AE01EC = {
			isa = PBXGroup;
			children = (
				EBDC143D1A15D73F00AE01EC /* WSY_DocumentType */,
				EBDC14571A15D73F00AE01EC /* WSY_DocumentTypeTests */,
				EBDC143C1A15D73F00AE01EC /* Products */,
			);
			sourceTree = "<group>";
		};
		EBDC143C1A15D73F00AE01EC /* Products */ = {
			isa = PBXGroup;
			children = (
				EBDC143B1A15D73F00AE01EC /* WSY_DocumentType.app */,
				EBDC14541A15D73F00AE01EC /* WSY_DocumentTypeTests.xctest */,
			);
			name = Products;
			sourceTree = "<group>";
		};
		EBDC143D1A15D73F00AE01EC /* WSY_DocumentType */ = {
			isa = PBXGroup;
			children = (
				EB7928B81A1601D80094E3DB /* icon.png */,
				EBDC14421A15D73F00AE01EC /* AppDelegate.h */,
				EBDC14431A15D73F00AE01EC /* AppDelegate.m */,
				EBDC14451A15D73F00AE01EC /* ViewController.h */,
				EBDC14461A15D73F00AE01EC /* ViewController.m */,
				EBDC14481A15D73F00AE01EC /* Main.storyboard */,
				EBDC144B1A15D73F00AE01EC /* Images.xcassets */,
				EBDC144D1A15D73F00AE01EC /* LaunchScreen.xib */,
				EBDC143E1A15D73F00AE01EC /* Supporting Files */,
			);
			path = WSY_DocumentType;
			sourceTree = "<group>";
		};
		EBDC143E1A15D73F00AE01EC /* Supporting Files */ = {
			isa = PBXGroup;
			children = (
				EBDC143F1A15D73F00AE01EC /* Info.plist */,
				EBDC14401A15D73F00AE01EC /* main.m */,
			);
			name = "Supporting Files";
			sourceTree = "<group>";
		};
		EBDC14571A15D73F00AE01EC /* WSY_DocumentTypeTests */ = {
			isa = PBXGroup;
			children = (
				EBDC145A1A15D73F00AE01EC /* WSY_DocumentTypeTests.m */,
				EBDC14581A15D73F00AE01EC /* Supporting Files */,
			);
			path = WSY_DocumentTypeTests;
			sourceTree = "<group>";
		};
		EBDC14581A15D73F00AE01EC /* Supporting Files */ = {
			isa = PBXGroup;
			children = (
				EBDC14591A15D73F00AE01EC /* Info.plist */,
			);
			name = "Supporting Files";
			sourceTree = "<group>";
		};
/* End PBXGroup section */

/* Begin PBXNativeTarget section */
		EBDC143A1A15D73F00AE01EC /* WSY_DocumentType */ = {
			isa = PBXNativeTarget;
			buildConfigurationList = EBDC145E1A15D73F00AE01EC /* Build configuration list for PBXNativeTarget "WSY_DocumentType" */;
			buildPhases = (
				EBDC14371A15D73F00AE01EC /* Sources */,
				EBDC14381A15D73F00AE01EC /* Frameworks */,
				EBDC14391A15D73F00AE01EC /* Resources */,
			);
			buildRules = (
			);
			dependencies = (
			);
			name = WSY_DocumentType;
			productName = WSY_DocumentType;
			productReference = EBDC143B1A15D73F00AE01EC /* WSY_DocumentType.app */;
			productType = "com.apple.product-type.application";
		};
		EBDC14531A15D73F00AE01EC /* WSY_DocumentTypeTests */ = {
			isa = PBXNativeTarget;
			buildConfigurationList = EBDC14611A15D73F00AE01EC /* Build configuration list for PBXNativeTarget "WSY_DocumentTypeTests" */;
			buildPhases = (
				EBDC14501A15D73F00AE01EC /* Sources */,
				EBDC14511A15D73F00AE01EC /* Frameworks */,
				EBDC14521A15D73F00AE01EC /* Resources */,
			);
			buildRules = (
			);
			dependencies = (
				EBDC14561A15D73F00AE01EC /* PBXTargetDependency */,
			);
			name = WSY_DocumentTypeTests;
			productName = WSY_DocumentTypeTests;
			productReference = EBDC14541A15D73F00AE01EC /* WSY_DocumentTypeTests.xctest */;
			productType = "com.apple.product-type.bundle.unit-test";
		};
/* End PBXNativeTarget section */

/* Begin PBXProject section */
		EBDC14331A15D73F00AE01EC /* Project object */ = {
			isa = PBXProject;
			attributes = {
				LastUpgradeCheck = 0610;
				ORGANIZATIONNAME = SCDev;
				TargetAttributes = {
					EBDC143A1A15D73F00AE01EC = {
						CreatedOnToolsVersion = 6.1;
					};
					EBDC14531A15D73F00AE01EC = {
						CreatedOnToolsVersion = 6.1;
						TestTargetID = EBDC143A1A15D73F00AE01EC;
					};
				};
			};
			buildConfigurationList = EBDC14361A15D73F00AE01EC /* Build configuration list for PBXProject "WSY_DocumentType" */;
			compatibilityVersion = "Xcode 3.2";
			developmentRegion = English;
			hasScannedForEncodings = 0;
			knownRegions = (
				en,
				Base,
			);
			mainGroup = EBDC14321A15D73F00AE01EC;
			productRefGroup = EBDC143C1A15D73F00AE01EC /* Products */;
			projectDirPath = "";
			projectRoot = "";
			targets = (
				EBDC143A1A15D73F00AE01EC /* WSY_DocumentType */,
				EBDC14531A15D73F00AE01EC /* WSY_DocumentTypeTests */,
			);
		};
/* End PBXProject section */

/* Begin PBXResourcesBuildPhase section */
		EBDC14391A15D73F00AE01EC /* Resources */ = {
			isa = PBXResourcesBuildPhase;
			buildActionMask = 2147483647;
			files = (
				EBDC144A1A15D73F00AE01EC /* Main.storyboard in Resources */,
				EB7928B91A1601D80094E3DB /* icon.png in Resources */,
				EBDC144F1A15D73F00AE01EC /* LaunchScreen.xib in Resources */,
				EBDC144C1A15D73F00AE01EC /* Images.xcassets in Resources */,
			);
			runOnlyForDeploymentPostprocessing = 0;
		};
		EBDC14521A15D73F00AE01EC /* Resources */ = {
			isa = PBXResourcesBuildPhase;
			buildActionMask = 2147483647;
			files = (
			);
			runOnlyForDeploymentPostprocessing = 0;
		};
/* End PBXResourcesBuildPhase section */

/* Begin PBXSourcesBuildPhase section */
		EBDC14371A15D73F00AE01EC /* Sources */ = {
			isa = PBXSourcesBuildPhase;
			buildActionMask = 2147483647;
			files = (
				EBDC14471A15D73F00AE01EC /* ViewController.m in Sources */,
				EBDC14441A15D73F00AE01EC /* AppDelegate.m in Sources */,
				EBDC14411A15D73F00AE01EC /* main.m in Sources */,
			);
			runOnlyForDeploymentPostprocessing = 0;
		};
		EBDC14501A15D73F00AE01EC /* Sources */ = {
			isa = PBXSourcesBuildPhase;
			buildActionMask = 2147483647;
			files = (
				EBDC145B1A15D73F00AE01EC /* WSY_DocumentTypeTests.m in Sources */,
			);
			runOnlyForDeploymentPostprocessing = 0;
		};
/* End PBXSourcesBuildPhase section */

/* Begin PBXTargetDependency section */
		EBDC14561A15D73F00AE01EC /* PBXTargetDependency */ = {
			isa = PBXTargetDependency;
			target = EBDC143A1A15D73F00AE01EC /* WSY_DocumentType */;
			targetProxy = EBDC14551A15D73F00AE01EC /* PBXContainerItemProxy */;
		};
/* End PBXTargetDependency section */

/* Begin PBXVariantGroup section */
		EBDC14481A15D73F00AE01EC /* Main.storyboard */ = {
			isa = PBXVariantGroup;
			children = (
				EBDC14491A15D73F00AE01EC /* Base */,
			);
			name = Main.storyboard;
			sourceTree = "<group>";
		};
		EBDC144D1A15D73F00AE01EC /* LaunchScreen.xib */ = {
			isa = PBXVariantGroup;
			children = (
				EBDC144E1A15D73F00AE01EC /* Base */,
			);
			name = LaunchScreen.xib;
			sourceTree = "<group>";
		};
/* End PBXVariantGroup section */

/* Begin XCBuildConfiguration section */
		EBDC145C1A15D73F00AE01EC /* Debug */ = {
			isa = XCBuildConfiguration;
			buildSettings = {
				ALWAYS_SEARCH_USER_PATHS = NO;
				CLANG_CXX_LANGUAGE_STANDARD = "gnu++0x";
				CLANG_CXX_LIBRARY = "libc++";
				CLANG_ENABLE_MODULES = YES;
				CLANG_ENABLE_OBJC_ARC = YES;
				CLANG_WARN_BOOL_CONVERSION = YES;
				CLANG_WARN_CONSTANT_CONVERSION = YES;
				CLANG_WARN_DIRECT_OBJC_ISA_USAGE = YES_ERROR;
				CLANG_WARN_EMPTY_BODY = YES;
				CLANG_WARN_ENUM_CONVERSION = YES;
				CLANG_WARN_INT_CONVERSION = YES;
				CLANG_WARN_OBJC_ROOT_CLASS = YES_ERROR;
				CLANG_WARN_UNREACHABLE_CODE = YES;
				CLANG_WARN__DUPLICATE_METHOD_MATCH = YES;
				"CODE_SIGN_IDENTITY[sdk=iphoneos*]" = "iPhone Developer";
				COPY_PHASE_STRIP = NO;
				ENABLE_STRICT_OBJC_MSGSEND = YES;
				GCC_C_LANGUAGE_STANDARD = gnu99;
				GCC_DYNAMIC_NO_PIC = NO;
				GCC_OPTIMIZATION_LEVEL = 0;
				GCC_PREPROCESSOR_DEFINITIONS = (
					"DEBUG=1",
					"$(inherited)",
				);
				GCC_SYMBOLS_PRIVATE_EXTERN = NO;
				GCC_WARN_64_TO_32_BIT_CONVERSION = YES;
				GCC_WARN_ABOUT_RETURN_TYPE = YES_ERROR;
				GCC_WARN_UNDECLARED_SELECTOR = YES;
				GCC_WARN_UNINITIALIZED_AUTOS = YES_AGGRESSIVE;
				GCC_WARN_UNUSED_FUNCTION = YES;
				GCC_WARN_UNUSED_VARIABLE = YES;
				IPHONEOS_DEPLOYMENT_TARGET = 8.1;
				MTL_ENABLE_DEBUG_INFO = YES;
				ONLY_ACTIVE_ARCH = YES;
				SDKROOT = iphoneos;
			};
			name = Debug;
		};
		EBDC145D1A15D73F00AE01EC /* Release */ = {
			isa = XCBuildConfiguration;
			buildSettings = {
				ALWAYS_SEARCH_USER_PATHS = NO;
				CLANG_CXX_LANGUAGE_STANDARD = "gnu++0x";
				CLANG_CXX_LIBRARY = "libc++";
				CLANG_ENABLE_MODULES = YES;
				CLANG_ENABLE_OBJC_ARC = YES;
				CLANG_WARN_BOOL_CONVERSION = YES;
				CLANG_WARN_CONSTANT_CONVERSION = YES;
				CLANG_WARN_DIRECT_OBJC_ISA_USAGE = YES_ERROR;
				CLANG_WARN_EMPTY_BODY = YES;
				CLANG_WARN_ENUM_CONVERSION = YES;
				CLANG_WARN_INT_CONVERSION = YES;
				CLANG_WARN_OBJC_ROOT_CLASS = YES_ERROR;
				CLANG_WARN_UNREACHABLE_CODE = YES;
				CLANG_WARN__DUPLICATE_METHOD_MATCH = YES;
				"CODE_SIGN_IDENTITY[sdk=iphoneos*]" = "iPhone Developer";
				COPY_PHASE_STRIP = YES;
				ENABLE_NS_ASSERTIONS = NO;
				ENABLE_STRICT_OBJC_MSGSEND = YES;
				GCC_C_LANGUAGE_STANDARD = gnu99;
				GCC_WARN_64_TO_32_BIT_CONVERSION = YES;
				GCC_WARN_ABOUT_RETURN_TYPE = YES_ERROR;
				GCC_WARN_UNDECLARED_SELECTOR = YES;
				GCC_WARN_UNINITIALIZED_AUTOS = YES_AGGRESSIVE;
				GCC_WARN_UNUSED_FUNCTION = YES;
				GCC_WARN_UNUSED_VARIABLE = YES;
				IPHONEOS_DEPLOYMENT_TARGET = 8.1;
				MTL_ENABLE_DEBUG_INFO = NO;
				SDKROOT = iphoneos;
				VALIDATE_PRODUCT = YES;
			};
			name = Release;
		};
		EBDC145F1A15D73F00AE01EC /* Debug */ = {
			isa = XCBuildConfiguration;
			buildSettings = {
				ASSETCATALOG_COMPILER_APPICON_NAME = AppIcon;
				INFOPLIST_FILE = WSY_DocumentType/Info.plist;
				LD_RUNPATH_SEARCH_PATHS = "$(inherited) @executable_path/Frameworks";
				PRODUCT_NAME = "$(TARGET_NAME)";
			};
			name = Debug;
		};
		EBDC14601A15D73F00AE01EC /* Release */ = {
			isa = XCBuildConfiguration;
			buildSettings = {
				ASSETCATALOG_COMPILER_APPICON_NAME = AppIcon;
				INFOPLIST_FILE = WSY_DocumentType/Info.plist;
				LD_RUNPATH_SEARCH_PATHS = "$(inherited) @executable_path/Frameworks";
				PRODUCT_NAME = "$(TARGET_NAME)";
			};
			name = Release;
		};
		EBDC14621A15D73F00AE01EC /* Debug */ = {
			isa = XCBuildConfiguration;
			buildSettings = {
				BUNDLE_LOADER = "$(TEST_HOST)";
				FRAMEWORK_SEARCH_PATHS = (
					"$(SDKROOT)/Developer/Library/Frameworks",
					"$(inherited)",
				);
				GCC_PREPROCESSOR_DEFINITIONS = (
					"DEBUG=1",
					"$(inherited)",
				);
				INFOPLIST_FILE = WSY_DocumentTypeTests/Info.plist;
				LD_RUNPATH_SEARCH_PATHS = "$(inherited) @executable_path/Frameworks @loader_path/Frameworks";
				PRODUCT_NAME = "$(TARGET_NAME)";
				TEST_HOST = "$(BUILT_PRODUCTS_DIR)/WSY_DocumentType.app/WSY_DocumentType";
			};
			name = Debug;
		};
		EBDC14631A15D73F00AE01EC /* Release */ = {
			isa = XCBuildConfiguration;
			buildSettings = {
				BUNDLE_LOADER = "$(TEST_HOST)";
				FRAMEWORK_SEARCH_PATHS = (
					"$(SDKROOT)/Developer/Library/Frameworks",
					"$(inherited)",
				);
				INFOPLIST_FILE = WSY_DocumentTypeTests/Info.plist;
				LD_RUNPATH_SEARCH_PATHS = "$(inherited) @executable_path/Frameworks @loader_path/Frameworks";
				PRODUCT_NAME = "$(TARGET_NAME)";
				TEST_HOST = "$(BUILT_PRODUCTS_DIR)/WSY_DocumentType.app/WSY_DocumentType";
			};
			name = Release;
		};
/* End XCBuildConfiguration section */

/* Begin XCConfigurationList section */
		EBDC14361A15D73F00AE01EC /* Build configuration list for PBXProject "WSY_DocumentType" */ = {
			isa = XCConfigurationList;
			buildConfigurations = (
				EBDC145C1A15D73F00AE01EC /* Debug */,
				EBDC145D1A15D73F00AE01EC /* Release */,
			);
			defaultConfigurationIsVisible = 0;
			defaultConfigurationName = Release;
		};
		EBDC145E1A15D73F00AE01EC /* Build configuration list for PBXNativeTarget "WSY_DocumentType" */ = {
			isa = XCConfigurationList;
			buildConfigurations = (
				EBDC145F1A15D73F00AE01EC /* Debug */,
				EBDC14601A15D73F00AE01EC /* Release */,
			);
			defaultConfigurationIsVisible = 0;
			defaultConfigurationName = Release;
		};
		EBDC14611A15D73F00AE01EC /* Build configuration list for PBXNativeTarget "WSY_DocumentTypeTests" */ = {
			isa = XCConfigurationList;
			buildConfigurations = (
				EBDC14621A15D73F00AE01EC /* Debug */,
				EBDC14631A15D73F00AE01EC /* Release */,
			);
			defaultConfigurationIsVisible = 0;
			defaultConfigurationName = Release;
		};
/* End XCConfigurationList section */
	};
	rootObject = EBDC14331A15D73F00AE01EC /* Project object */;
}
